
Microsoft Visual Studio Solution File, Format Version 12.00
# Visual Studio Version 17
VisualStudioVersion = 17.2.32516.85
MinimumVisualStudioVersion = 10.0.40219.1
Project("{FAE04EC0-301F-11D3-BF4B-00C04F79EFBC}") = "StepByStep Application", "StepByStep Application\StepByStep Application.csproj", "{A36922B2-5BEE-42E9-A8D3-EDA9C28E380D}"
EndProject
Global
	GlobalSection(SolutionConfigurationPlatforms) = preSolution
		Debug|Any CPU = Debug|Any CPU
		Release|Any CPU = Release|Any CPU
	EndGlobalSection
	GlobalSection(ProjectConfigurationPlatforms) = postSolution
		{A36922B2-5BEE-42E9-A8D3-EDA9C28E380D}.Debug|Any CPU.ActiveCfg = Debug|Any CPU
		{A36922B2-5BEE-42E9-A8D3-EDA9C28E380D}.Debug|Any CPU.Build.0 = Debug|Any CPU
		{A36922B2-5BEE-42E9-A8D3-EDA9C28E380D}.Release|Any CPU.ActiveCfg = Release|Any CPU
		{A36922B2-5BEE-42E9-A8D3-EDA9C28E380D}.Release|Any CPU.Build.0 = Release|Any CPU
	EndGlobalSection
	GlobalSection(SolutionProperties) = preSolution
		HideSolutionNode = FALSE
	EndGlobalSection
	GlobalSection(ExtensibilityGlobals) = postSolution
		SolutionGuid = {34F7C46D-488C-4CBB-AE78-993A7ECD8AF4}
	EndGlobalSection
EndGlobal
